
Microsoft Visual Studio Solution File, Format Version 12.00
# Visual Studio 2012
Project("{159641D6-6404-4A2A-AE62-294DE0FE8301}") = "Load_Staging", "Load_Staging\Load_Staging.dtproj", "{DCE95389-E5CF-4DFC-AA19-06E9C944F3F4}"
EndProject
Global
	GlobalSection(SolutionConfigurationPlatforms) = preSolution
		Development|Default = Development|Default
	EndGlobalSection
	GlobalSection(ProjectConfigurationPlatforms) = postSolution
		{DCE95389-E5CF-4DFC-AA19-06E9C944F3F4}.Development|Default.ActiveCfg = Development
		{DCE95389-E5CF-4DFC-AA19-06E9C944F3F4}.Development|Default.Build.0 = Development
	EndGlobalSection
	GlobalSection(SolutionProperties) = preSolution
		HideSolutionNode = FALSE
	EndGlobalSection
EndGlobal
